# This file is autogenerated, do not edit; changes may be undone by the next 'dep ensure'.


[[projects]]
  digest = "1:17dd10d2dca690980ce30f4d34dd10019fa07615a37e9aaea00be9b48c65440f"
  name = "github.com/aws/aws-lambda-go"
  packages = [
    "events",
    "lambda",
    "lambda/handlertrace",
    "lambda/messages",
    "lambdacontext",
  ]
  pruneopts = ""
  revision = "578ce6d457b2e74402b4abadbff3d37ea8173f87"
  version = "v1.12.0"

[[projects]]
  digest = "1:e023dce8b2b0caee75a398e569676029fdf9f86b30d528e258e151ba00ccf6f5"
  name = "github.com/aws/aws-sdk-go"
  packages = [
    "aws",
    "aws/awserr",
    "aws/awsutil",
    "aws/client",
    "aws/client/metadata",
    "aws/corehandlers",
    "aws/credentials",
    "aws/credentials/ec2rolecreds",
    "aws/credentials/endpointcreds",
    "aws/credentials/processcreds",
    "aws/credentials/stscreds",
    "aws/csm",
    "aws/defaults",
    "aws/ec2metadata",
    "aws/endpoints",
    "aws/request",
    "aws/session",
    "aws/signer/v4",
    "internal/ini",
    "internal/sdkio",
    "internal/sdkrand",
    "internal/sdkuri",
    "internal/shareddefaults",
    "private/protocol",
    "private/protocol/eventstream",
    "private/protocol/eventstream/eventstreamapi",
    "private/protocol/json/jsonutil",
    "private/protocol/jsonrpc",
    "private/protocol/query",
    "private/protocol/query/queryutil",
    "private/protocol/rest",
    "private/protocol/xml/xmlutil",
    "service/kinesis",
    "service/sts",
    "service/sts/stsiface",
  ]
  pruneopts = ""
  revision = "7bbe2931d53d4675411814423d8960d7082a8847"
  version = "v1.22.0"

[[projects]]
  digest = "1:8561fc011218ed9821f6d73057154e692cdfd0f37e929ef6c4a574b6299136cb"
  name = "github.com/cenkalti/backoff"
  packages = ["."]
  pruneopts = ""
  revision = "4b4cebaf850ec58f1bb1fec5bdebdf8501c2bc3f"
  version = "v3.0.0"

[[projects]]
  digest = "1:0deddd908b6b4b768cfc272c16ee61e7088a60f7fe2f06c547bd3d8e1f8b8e77"
  name = "github.com/davecgh/go-spew"
  packages = ["spew"]
  pruneopts = ""
  revision = "8991bc29aa16c548c550c7ff78260e27b9ab7c73"
  version = "v1.1.1"

[[projects]]
  branch = "master"
  digest = "1:20d3b9c0a7d8ffe041605b43c1975b7c121d0bf1402b24d88bc3649d5d74c123"
  name = "github.com/dghubble/go-twitter"
  packages = ["twitter"]
  pruneopts = ""
  revision = "39e5462e111ffe165c62a88e2c25e1c1d1085bdb"

[[projects]]
  digest = "1:8a7970acc52fbdc197f906b6bfb3c1984db9add3b825ee826b9bba1a7a1f6a19"
  name = "github.com/dghubble/sling"
  packages = ["."]
  pruneopts = ""
  revision = "5a2946623f885d0cfcd7085b039baec12ad53fdd"
  version = "v1.3.0"

[[projects]]
  digest = "1:cea4aa2038169ee558bf507d5ea02c94ca85bcca28a4c7bb99fd59b31e43a686"
  name = "github.com/google/go-querystring"
  packages = ["query"]
  pruneopts = ""
  revision = "44c6ddd0a2342c386950e880b658017258da92fc"
  version = "v1.0.0"

[[projects]]
  digest = "1:13fe471d0ed891e8544eddfeeb0471fd3c9f2015609a1c000aefdedf52a19d40"
  name = "github.com/jmespath/go-jmespath"
  packages = ["."]
  pruneopts = ""
  revision = "c2b33e84"

[[projects]]
  digest = "1:0f51cee70b0d254dbc93c22666ea2abf211af81c1701a96d04e2284b408621db"
  name = "github.com/konsorten/go-windows-terminal-sequences"
  packages = ["."]
  pruneopts = ""
  revision = "f55edac94c9bbba5d6182a4be46d86a2c9b5b50e"
  version = "v1.0.2"

[[projects]]
  digest = "1:256484dbbcd271f9ecebc6795b2df8cad4c458dd0f5fd82a8c2fa0c29f233411"
  name = "github.com/pmezard/go-difflib"
  packages = ["difflib"]
  pruneopts = ""
  revision = "792786c7400a136282c1664665ae0a8db921c6c2"
  version = "v1.0.0"

[[projects]]
  digest = "1:1a405cddcf3368445051fb70ab465ae99da56ad7be8d8ca7fc52159d1c2d873c"
  name = "github.com/sirupsen/logrus"
  packages = ["."]
  pruneopts = ""
  revision = "839c75faf7f98a33d445d181f3018b5c3409a45e"
  version = "v1.4.2"

[[projects]]
  digest = "1:381bcbeb112a51493d9d998bbba207a529c73dbb49b3fd789e48c63fac1f192c"
  name = "github.com/stretchr/testify"
  packages = [
    "assert",
    "require",
    "suite",
  ]
  pruneopts = ""
  revision = "ffdc059bfe9ce6a4e144ba849dbedead332c6053"
  version = "v1.3.0"

[[projects]]
  branch = "master"
  digest = "1:0b5c2207c72f2d13995040f176feb6e3f453d6b01af2b9d57df76b05ded2e926"
  name = "golang.org/x/sys"
  packages = ["unix"]
  pruneopts = ""
  revision = "51ab0e2deafac1f46c46ad59cf0921be2f180c3d"

[solve-meta]
  analyzer-name = "dep"
  analyzer-version = 1
  input-imports = [
    "github.com/aws/aws-lambda-go/events",
    "github.com/aws/aws-lambda-go/lambda",
    "github.com/aws/aws-sdk-go/aws",
    "github.com/aws/aws-sdk-go/aws/session",
    "github.com/aws/aws-sdk-go/service/kinesis",
    "github.com/dghubble/go-twitter/twitter",
    "github.com/sirupsen/logrus",
    "github.com/stretchr/testify/suite",
  ]
  solver-name = "gps-cdcl"
  solver-version = 1
