# This file is autogenerated, do not edit; changes may be undone by the next 'dep ensure'.


[[projects]]
  digest = "1:deba4f4561cc7490127f599626c78cbfe972ffacc8edfaf77710de8922e0ae77"
  name = "github.com/aws/aws-lambda-go"
  packages = [
    "events",
    "lambda",
    "lambda/handlertrace",
    "lambda/messages",
    "lambdacontext",
  ]
  pruneopts = ""
  revision = "4c210d7623089d36b6bb6febf5a5e553bf73fbfb"
  version = "v1.11.1"

[[projects]]
  digest = "1:f8bf2fcf62410b565b9caacb6a7a858302c22968f5738549c09a17dbe6ae306a"
  name = "github.com/aws/aws-sdk-go"
  packages = [
    "aws",
    "aws/awserr",
    "aws/awsutil",
    "aws/client",
    "aws/client/metadata",
    "aws/corehandlers",
    "aws/credentials",
    "aws/credentials/ec2rolecreds",
    "aws/credentials/endpointcreds",
    "aws/credentials/processcreds",
    "aws/credentials/stscreds",
    "aws/csm",
    "aws/defaults",
    "aws/ec2metadata",
    "aws/endpoints",
    "aws/request",
    "aws/session",
    "aws/signer/v4",
    "internal/ini",
    "internal/s3err",
    "internal/sdkio",
    "internal/sdkrand",
    "internal/sdkuri",
    "internal/shareddefaults",
    "private/protocol",
    "private/protocol/eventstream",
    "private/protocol/eventstream/eventstreamapi",
    "private/protocol/json/jsonutil",
    "private/protocol/jsonrpc",
    "private/protocol/query",
    "private/protocol/query/queryutil",
    "private/protocol/rest",
    "private/protocol/restxml",
    "private/protocol/xml/xmlutil",
    "service/kinesis",
    "service/s3",
    "service/s3/s3iface",
    "service/s3/s3manager",
    "service/sts",
  ]
  pruneopts = ""
  revision = "5312c8dac9067d339c4e68d7e0dd5507b2f01849"
  version = "v1.19.41"

[[projects]]
  digest = "1:8561fc011218ed9821f6d73057154e692cdfd0f37e929ef6c4a574b6299136cb"
  name = "github.com/cenkalti/backoff"
  packages = ["."]
  pruneopts = ""
  revision = "4b4cebaf850ec58f1bb1fec5bdebdf8501c2bc3f"
  version = "v3.0.0"

[[projects]]
  branch = "master"
  digest = "1:9e3ba79493601f42e6ffd2b4eb9f845a764b2866825cc2adc0030766eeb16092"
  name = "github.com/dghubble/go-twitter"
  packages = ["twitter"]
  pruneopts = ""
  revision = "53f972dc4b060ca0107e36a9b118d88c97d816e5"

[[projects]]
  digest = "1:fbf696b8af25bb4a791792b90cab2cfea212fac0ac0307ef72c298c5ebc1638b"
  name = "github.com/dghubble/sling"
  packages = ["."]
  pruneopts = ""
  revision = "e2624bf29a7de45ab0802b09aea94ca0a7815c5f"
  version = "v1.2.0"

[[projects]]
  digest = "1:cea4aa2038169ee558bf507d5ea02c94ca85bcca28a4c7bb99fd59b31e43a686"
  name = "github.com/google/go-querystring"
  packages = ["query"]
  pruneopts = ""
  revision = "44c6ddd0a2342c386950e880b658017258da92fc"
  version = "v1.0.0"

[[projects]]
  digest = "1:13fe471d0ed891e8544eddfeeb0471fd3c9f2015609a1c000aefdedf52a19d40"
  name = "github.com/jmespath/go-jmespath"
  packages = ["."]
  pruneopts = ""
  revision = "c2b33e84"

[[projects]]
  branch = "master"
  digest = "1:ca9af77e14311f421cbb9c1a02f7e82f35dcdd1214f04fae2e6cb8616eccdfdc"
  name = "github.com/okoeth/serverless-demo"
  packages = ["commons/pkg/services"]
  pruneopts = ""
  revision = "cb5c73e2fecd7f06d8605ba6a415e916b5cc9293"

[solve-meta]
  analyzer-name = "dep"
  analyzer-version = 1
  input-imports = [
    "github.com/aws/aws-lambda-go/events",
    "github.com/aws/aws-lambda-go/lambda",
    "github.com/aws/aws-sdk-go/aws",
    "github.com/aws/aws-sdk-go/aws/session",
    "github.com/aws/aws-sdk-go/service/kinesis",
    "github.com/dghubble/go-twitter/twitter",
    "github.com/okoeth/serverless-demo/commons/pkg/services",
  ]
  solver-name = "gps-cdcl"
  solver-version = 1
